github.com/BurntSushi/toml v1.6.0 h1:dRaEfpa2VI55EwlIW72hMRHdWouJeRF7TPYhI+AUQjk=
github.com/BurntSushi/toml v1.6.0/go.mod h1:ukJfTF/6rtPPRCnwkur4qwRxa8vTRFBF0uk2lLoLwho=
github.com/git-pkgs/archives v0.5.0 h1:QdowC1jTOSbEOKTYGqVt8ZjIr+yJzy7cmLNWcLPj9Y8=
github.com/git-pkgs/archives v0.5.0/go.mod h1:tfio0OIuPKEBKHs/UCL5XBUvYmKpnvtnba2iDlfSd6g=
github.com/git-pkgs/magic v0.1.0 h1:xLrqq7CMXB9g5bJnmJyKw17Rvlh0GFiEmO6e5RFsoeY=
github.com/git-pkgs/magic v0.1.0/go.mod h1:3ndidt+yvFaI1M0aEkkzkOlFnLPkeVQASIUojazcxCI=
github.com/git-pkgs/purl v0.1.15 h1:iQ3clh0Cw41rkM0rf24B7ShnN9Z+UtLMAFlNDUs+Qd4=
github.com/git-pkgs/purl v0.1.15/go.mod h1:PqCLVBDeZrZgHysR803/AntMELgIr2LFZVNCcwLH2m0=
github.com/git-pkgs/vers v0.3.0 h1:xM4LLUCRmqzdDfe+/pVQUx4SRyFXRVth6tOsJ14wMKU=
github.com/git-pkgs/vers v0.3.0/go.mod h1:biTbSQK1qdbrsxDEKnqe3Jzclxz8vW6uDcwKjfUGcOo=
github.com/package-url/packageurl-go v0.1.6 h1:YO3p6u1XmCUliivUg/qWphaY8vI6hxSnnPv7Bfg3m5M=
github.com/package-url/packageurl-go v0.1.6/go.mod h1:nKAWB8E6uk1MHqiS/lQb9pYBGH2+mdJ2PJc2s50dQY0=
github.com/ulikunitz/xz v0.5.16 h1:ld6NyySjx5lowVKwJvMRLnW5nxKX/xnpSiFYZ/Lxur0=
github.com/ulikunitz/xz v0.5.16/go.mod h1:H9Rt/W6/Qj27PGauhQc6nfCDy7vHpzsOThBSaYDoEhw=
