github.com/BurntSushi/toml v1.6.0 h1:dRaEfpa2VI55EwlIW72hMRHdWouJeRF7TPYhI+AUQjk=
github.com/BurntSushi/toml v1.6.0/go.mod h1:ukJfTF/6rtPPRCnwkur4qwRxa8vTRFBF0uk2lLoLwho=
github.com/git-pkgs/archives v0.5.1 h1:qwu/vsoerQZF1iysRtfcxpy1KIUSJJSpXJ5JNxzNoQw=
github.com/git-pkgs/archives v0.5.1/go.mod h1:AKpkxnts49R9uAt1mL2ULYcHrmYujCDVu24IsFvW9so=
github.com/git-pkgs/magic v0.2.0 h1:c7HqVxnP8c88EaVMH0/KraDFVTcmiXckRiSvNZEnvMQ=
github.com/git-pkgs/magic v0.2.0/go.mod h1:3ndidt+yvFaI1M0aEkkzkOlFnLPkeVQASIUojazcxCI=
github.com/git-pkgs/purl v0.1.16 h1:VAX6tv0hhdTENbkrGMoPZbOAl1Y8U1/ZnzoCsYuNBYM=
github.com/git-pkgs/purl v0.1.16/go.mod h1:7u7ora8tQdrkS7Auclr5v8dCJdjN4ej6AbrvYZi2b7k=
github.com/git-pkgs/vers v0.3.1 h1:jy/ht2wIRJI5zQrccm6GTeYr+hGFwe2z8LV1HOr4Wco=
github.com/git-pkgs/vers v0.3.1/go.mod h1:biTbSQK1qdbrsxDEKnqe3Jzclxz8vW6uDcwKjfUGcOo=
github.com/package-url/packageurl-go v0.1.6 h1:YO3p6u1XmCUliivUg/qWphaY8vI6hxSnnPv7Bfg3m5M=
github.com/package-url/packageurl-go v0.1.6/go.mod h1:nKAWB8E6uk1MHqiS/lQb9pYBGH2+mdJ2PJc2s50dQY0=
github.com/ulikunitz/xz v0.5.16 h1:ld6NyySjx5lowVKwJvMRLnW5nxKX/xnpSiFYZ/Lxur0=
github.com/ulikunitz/xz v0.5.16/go.mod h1:H9Rt/W6/Qj27PGauhQc6nfCDy7vHpzsOThBSaYDoEhw=
